
Microsoft Visual Studio Solution File, Format Version 12.00
# Visual Studio Version 17
VisualStudioVersion = 17.3.32901.215
MinimumVisualStudioVersion = 10.0.40219.1
Project("{FAE04EC0-301F-11D3-BF4B-00C04F79EFBC}") = "VapeShop", "VapeShop\VapeShop.csproj", "{D42BEC42-66CE-4671-B175-CE6F16C5EF74}"
EndProject
Global
	GlobalSection(SolutionConfigurationPlatforms) = preSolution
		Debug|Any CPU = Debug|Any CPU
		Release|Any CPU = Release|Any CPU
	EndGlobalSection
	GlobalSection(ProjectConfigurationPlatforms) = postSolution
		{D42BEC42-66CE-4671-B175-CE6F16C5EF74}.Debug|Any CPU.ActiveCfg = Debug|Any CPU
		{D42BEC42-66CE-4671-B175-CE6F16C5EF74}.Debug|Any CPU.Build.0 = Debug|Any CPU
		{D42BEC42-66CE-4671-B175-CE6F16C5EF74}.Release|Any CPU.ActiveCfg = Release|Any CPU
		{D42BEC42-66CE-4671-B175-CE6F16C5EF74}.Release|Any CPU.Build.0 = Release|Any CPU
	EndGlobalSection
	GlobalSection(SolutionProperties) = preSolution
		HideSolutionNode = FALSE
	EndGlobalSection
	GlobalSection(ExtensibilityGlobals) = postSolution
		SolutionGuid = {F91D4B3A-9D57-47EF-BB67-550AF7772ACC}
	EndGlobalSection
EndGlobal
